// !$*UTF8*$!
{
	archiveVersion = 1;
	classes = {
	};
	objectVersion = 55;
	objects = {

/* Begin PBXBuildFile section */
		69028FAC2C194C01005CBDE2 /* AppDelegate.swift in Sources */ = {isa = PBXBuildFile; fileRef = 69028FAB2C194C01005CBDE2 /* AppDelegate.swift */; };
		69028FAE2C194C01005CBDE2 /* SceneDelegate.swift in Sources */ = {isa = PBXBuildFile; fileRef = 69028FAD2C194C01005CBDE2 /* SceneDelegate.swift */; };
		69028FB02C194C01005CBDE2 /* ViewController.swift in Sources */ = {isa = PBXBuildFile; fileRef = 69028FAF2C194C01005CBDE2 /* ViewController.swift */; };
		69028FB32C194C01005CBDE2 /* Home.storyboard in Resources */ = {isa = PBXBuildFile; fileRef = 69028FB12C194C01005CBDE2 /* Home.storyboard */; };
		69028FB52C194C02005CBDE2 /* Assets.xcassets in Resources */ = {isa = PBXBuildFile; fileRef = 69028FB42C194C02005CBDE2 /* Assets.xcassets */; };
		69028FB82C194C02005CBDE2 /* LaunchScreen.storyboard in Resources */ = {isa = PBXBuildFile; fileRef = 69028FB62C194C02005CBDE2 /* LaunchScreen.storyboard */; };
		69068BC92C19933D00A1BE53 /* PostDetailsVC.swift in Sources */ = {isa = PBXBuildFile; fileRef = 69068BC82C19933D00A1BE53 /* PostDetailsVC.swift */; };
		690D16462C1D3A2F00C1FC51 /* PostDetailCell.swift in Sources */ = {isa = PBXBuildFile; fileRef = 690D16442C1D3A2F00C1FC51 /* PostDetailCell.swift */; };
		690D16472C1D3A2F00C1FC51 /* PostDetailCell.xib in Resources */ = {isa = PBXBuildFile; fileRef = 690D16452C1D3A2F00C1FC51 /* PostDetailCell.xib */; };
		690D164A2C1D614600C1FC51 /* Alamofire in Frameworks */ = {isa = PBXBuildFile; productRef = 690D16492C1D614600C1FC51 /* Alamofire */; };
		690D164C2C1D634700C1FC51 /* AddPostVC.swift in Sources */ = {isa = PBXBuildFile; fileRef = 690D164B2C1D634700C1FC51 /* AddPostVC.swift */; };
		690EADDD2C1AE24400F41434 /* RoundImageView.swift in Sources */ = {isa = PBXBuildFile; fileRef = 690EADDC2C1AE24400F41434 /* RoundImageView.swift */; };
		69167FEF2C25420700023414 /* LoginVC.swift in Sources */ = {isa = PBXBuildFile; fileRef = 69167FEE2C25420700023414 /* LoginVC.swift */; };
		69167FF12C25421A00023414 /* SignupVC.swift in Sources */ = {isa = PBXBuildFile; fileRef = 69167FF02C25421A00023414 /* SignupVC.swift */; };
		6931EB112C195D5E00AE1A74 /* HomeScreenVC.swift in Sources */ = {isa = PBXBuildFile; fileRef = 6931EB102C195D5E00AE1A74 /* HomeScreenVC.swift */; };
		6931EB152C195E0E00AE1A74 /* PostFeedVC.swift in Sources */ = {isa = PBXBuildFile; fileRef = 6931EB132C195E0E00AE1A74 /* PostFeedVC.swift */; };
		6931EB162C195E0E00AE1A74 /* PostFeedVC.xib in Resources */ = {isa = PBXBuildFile; fileRef = 6931EB142C195E0E00AE1A74 /* PostFeedVC.xib */; };
		697B3AE92C1C055B00D86CE7 /* CommentsCell.swift in Sources */ = {isa = PBXBuildFile; fileRef = 697B3AE72C1C055B00D86CE7 /* CommentsCell.swift */; };
		697B3AEA2C1C055B00D86CE7 /* CommentsCell.xib in Resources */ = {isa = PBXBuildFile; fileRef = 697B3AE82C1C055B00D86CE7 /* CommentsCell.xib */; };
		8D0933D72C2E7219006A9B66 /* GoogleService-Info.plist in Resources */ = {isa = PBXBuildFile; fileRef = 8D0933D62C2E7219006A9B66 /* GoogleService-Info.plist */; };
		D25D9798DC0D90C1CBFD26C2 /* Pods_linkedin.framework in Frameworks */ = {isa = PBXBuildFile; fileRef = C8B96B20ED779B3308598A22 /* Pods_linkedin.framework */; };
/* End PBXBuildFile section */

/* Begin PBXFileReference section */
		69028FA82C194C01005CBDE2 /* linkedin.app */ = {isa = PBXFileReference; explicitFileType = wrapper.application; includeInIndex = 0; path = linkedin.app; sourceTree = BUILT_PRODUCTS_DIR; };
		69028FAB2C194C01005CBDE2 /* AppDelegate.swift */ = {isa = PBXFileReference; lastKnownFileType = sourcecode.swift; path = AppDelegate.swift; sourceTree = "<group>"; };
		69028FAD2C194C01005CBDE2 /* SceneDelegate.swift */ = {isa = PBXFileReference; lastKnownFileType = sourcecode.swift; path = SceneDelegate.swift; sourceTree = "<group>"; };
		69028FAF2C194C01005CBDE2 /* ViewController.swift */ = {isa = PBXFileReference; lastKnownFileType = sourcecode.swift; path = ViewController.swift; sourceTree = "<group>"; };
		69028FB22C194C01005CBDE2 /* Base */ = {isa = PBXFileReference; lastKnownFileType = file.storyboard; name = Base; path = Base.lproj/Home.storyboard; sourceTree = "<group>"; };
		69028FB42C194C02005CBDE2 /* Assets.xcassets */ = {isa = PBXFileReference; lastKnownFileType = folder.assetcatalog; path = Assets.xcassets; sourceTree = "<group>"; };
		69028FB72C194C02005CBDE2 /* Base */ = {isa = PBXFileReference; lastKnownFileType = file.storyboard; name = Base; path = Base.lproj/LaunchScreen.storyboard; sourceTree = "<group>"; };
		69028FB92C194C02005CBDE2 /* Info.plist */ = {isa = PBXFileReference; lastKnownFileType = text.plist.xml; path = Info.plist; sourceTree = "<group>"; };
		69068BC82C19933D00A1BE53 /* PostDetailsVC.swift */ = {isa = PBXFileReference; lastKnownFileType = sourcecode.swift; path = PostDetailsVC.swift; sourceTree = "<group>"; };
		690D16442C1D3A2F00C1FC51 /* PostDetailCell.swift */ = {isa = PBXFileReference; lastKnownFileType = sourcecode.swift; path = PostDetailCell.swift; sourceTree = "<group>"; };
		690D16452C1D3A2F00C1FC51 /* PostDetailCell.xib */ = {isa = PBXFileReference; lastKnownFileType = file.xib; path = PostDetailCell.xib; sourceTree = "<group>"; };
		690D164B2C1D634700C1FC51 /* AddPostVC.swift */ = {isa = PBXFileReference; lastKnownFileType = sourcecode.swift; path = AddPostVC.swift; sourceTree = "<group>"; };
		690EADDC2C1AE24400F41434 /* RoundImageView.swift */ = {isa = PBXFileReference; lastKnownFileType = sourcecode.swift; path = RoundImageView.swift; sourceTree = "<group>"; };
		69167FEE2C25420700023414 /* LoginVC.swift */ = {isa = PBXFileReference; lastKnownFileType = sourcecode.swift; path = LoginVC.swift; sourceTree = "<group>"; };
		69167FF02C25421A00023414 /* SignupVC.swift */ = {isa = PBXFileReference; lastKnownFileType = sourcecode.swift; path = SignupVC.swift; sourceTree = "<group>"; };
		6931EB102C195D5E00AE1A74 /* HomeScreenVC.swift */ = {isa = PBXFileReference; lastKnownFileType = sourcecode.swift; path = HomeScreenVC.swift; sourceTree = "<group>"; };
		6931EB132C195E0E00AE1A74 /* PostFeedVC.swift */ = {isa = PBXFileReference; lastKnownFileType = sourcecode.swift; path = PostFeedVC.swift; sourceTree = "<group>"; };
		6931EB142C195E0E00AE1A74 /* PostFeedVC.xib */ = {isa = PBXFileReference; lastKnownFileType = file.xib; path = PostFeedVC.xib; sourceTree = "<group>"; };
		697B3AE72C1C055B00D86CE7 /* CommentsCell.swift */ = {isa = PBXFileReference; lastKnownFileType = sourcecode.swift; path = CommentsCell.swift; sourceTree = "<group>"; };
		697B3AE82C1C055B00D86CE7 /* CommentsCell.xib */ = {isa = PBXFileReference; lastKnownFileType = file.xib; path = CommentsCell.xib; sourceTree = "<group>"; };
		8D0933D62C2E7219006A9B66 /* GoogleService-Info.plist */ = {isa = PBXFileReference; fileEncoding = 4; lastKnownFileType = text.plist.xml; name = "GoogleService-Info.plist"; path = "../../../Downloads/GoogleService-Info.plist"; sourceTree = "<group>"; };
		C8B96B20ED779B3308598A22 /* Pods_linkedin.framework */ = {isa = PBXFileReference; explicitFileType = wrapper.framework; includeInIndex = 0; path = Pods_linkedin.framework; sourceTree = BUILT_PRODUCTS_DIR; };
		CDA5ADB221858917066AF656 /* Pods-linkedin.release.xcconfig */ = {isa = PBXFileReference; includeInIndex = 1; lastKnownFileType = text.xcconfig; name = "Pods-linkedin.release.xcconfig"; path = "Target Support Files/Pods-linkedin/Pods-linkedin.release.xcconfig"; sourceTree = "<group>"; };
		FEACA8F7066588EE8251E5D8 /* Pods-linkedin.debug.xcconfig */ = {isa = PBXFileReference; includeInIndex = 1; lastKnownFileType = text.xcconfig; name = "Pods-linkedin.debug.xcconfig"; path = "Target Support Files/Pods-linkedin/Pods-linkedin.debug.xcconfig"; sourceTree = "<group>"; };
/* End PBXFileReference section */

/* Begin PBXFrameworksBuildPhase section */
		69028FA52C194C01005CBDE2 /* Frameworks */ = {
			isa = PBXFrameworksBuildPhase;
			buildActionMask = 2147483647;
			files = (
				690D164A2C1D614600C1FC51 /* Alamofire in Frameworks */,
				D25D9798DC0D90C1CBFD26C2 /* Pods_linkedin.framework in Frameworks */,
			);
			runOnlyForDeploymentPostprocessing = 0;
		};
/* End PBXFrameworksBuildPhase section */

/* Begin PBXGroup section */
		69028F9F2C194C01005CBDE2 = {
			isa = PBXGroup;
			children = (
				69028FAA2C194C01005CBDE2 /* linkedin */,
				69028FA92C194C01005CBDE2 /* Products */,
				F2670D0745EBD1EF53E957C0 /* Pods */,
				EC627BD2A2B415CE277A0AD6 /* Frameworks */,
			);
			sourceTree = "<group>";
		};
		69028FA92C194C01005CBDE2 /* Products */ = {
			isa = PBXGroup;
			children = (
				69028FA82C194C01005CBDE2 /* linkedin.app */,
			);
			name = Products;
			sourceTree = "<group>";
		};
		69028FAA2C194C01005CBDE2 /* linkedin */ = {
			isa = PBXGroup;
			children = (
				8D0933D62C2E7219006A9B66 /* GoogleService-Info.plist */,
				69167FED2C2541E300023414 /* demo */,
				690EADD92C1AE0A000F41434 /* utils */,
				6931EB122C195DBB00AE1A74 /* TableViewCells */,
				6931EB0F2C195CF000AE1A74 /* Screens */,
				69028FAB2C194C01005CBDE2 /* AppDelegate.swift */,
				69028FAD2C194C01005CBDE2 /* SceneDelegate.swift */,
				69028FAF2C194C01005CBDE2 /* ViewController.swift */,
				69028FB12C194C01005CBDE2 /* Home.storyboard */,
				69028FB42C194C02005CBDE2 /* Assets.xcassets */,
				69028FB62C194C02005CBDE2 /* LaunchScreen.storyboard */,
				69028FB92C194C02005CBDE2 /* Info.plist */,
			);
			path = linkedin;
			sourceTree = "<group>";
		};
		690EADD92C1AE0A000F41434 /* utils */ = {
			isa = PBXGroup;
			children = (
				690EADDC2C1AE24400F41434 /* RoundImageView.swift */,
			);
			path = utils;
			sourceTree = "<group>";
		};
		69167FED2C2541E300023414 /* demo */ = {
			isa = PBXGroup;
			children = (
				69167FEE2C25420700023414 /* LoginVC.swift */,
				69167FF02C25421A00023414 /* SignupVC.swift */,
			);
			path = demo;
			sourceTree = "<group>";
		};
		6931EB0F2C195CF000AE1A74 /* Screens */ = {
			isa = PBXGroup;
			children = (
				6931EB102C195D5E00AE1A74 /* HomeScreenVC.swift */,
				69068BC82C19933D00A1BE53 /* PostDetailsVC.swift */,
				690D164B2C1D634700C1FC51 /* AddPostVC.swift */,
			);
			path = Screens;
			sourceTree = "<group>";
		};
		6931EB122C195DBB00AE1A74 /* TableViewCells */ = {
			isa = PBXGroup;
			children = (
				6931EB132C195E0E00AE1A74 /* PostFeedVC.swift */,
				6931EB142C195E0E00AE1A74 /* PostFeedVC.xib */,
				697B3AE72C1C055B00D86CE7 /* CommentsCell.swift */,
				697B3AE82C1C055B00D86CE7 /* CommentsCell.xib */,
				690D16442C1D3A2F00C1FC51 /* PostDetailCell.swift */,
				690D16452C1D3A2F00C1FC51 /* PostDetailCell.xib */,
			);
			path = TableViewCells;
			sourceTree = "<group>";
		};
		EC627BD2A2B415CE277A0AD6 /* Frameworks */ = {
			isa = PBXGroup;
			children = (
				C8B96B20ED779B3308598A22 /* Pods_linkedin.framework */,
			);
			name = Frameworks;
			sourceTree = "<group>";
		};
		F2670D0745EBD1EF53E957C0 /* Pods */ = {
			isa = PBXGroup;
			children = (
				FEACA8F7066588EE8251E5D8 /* Pods-linkedin.debug.xcconfig */,
				CDA5ADB221858917066AF656 /* Pods-linkedin.release.xcconfig */,
			);
			path = Pods;
			sourceTree = "<group>";
		};
/* End PBXGroup section */

/* Begin PBXNativeTarget section */
		69028FA72C194C01005CBDE2 /* linkedin */ = {
			isa = PBXNativeTarget;
			buildConfigurationList = 69028FBC2C194C02005CBDE2 /* Build configuration list for PBXNativeTarget "linkedin" */;
			buildPhases = (
				69B00755FA65C9A628ECD5F2 /* [CP] Check Pods Manifest.lock */,
				69028FA42C194C01005CBDE2 /* Sources */,
				69028FA52C194C01005CBDE2 /* Frameworks */,
				69028FA62C194C01005CBDE2 /* Resources */,
				ABB4A64F113484B59F9E7F00 /* [CP] Embed Pods Frameworks */,
			);
			buildRules = (
			);
			dependencies = (
			);
			name = linkedin;
			packageProductDependencies = (
				690D16492C1D614600C1FC51 /* Alamofire */,
			);
			productName = linkedin;
			productReference = 69028FA82C194C01005CBDE2 /* linkedin.app */;
			productType = "com.apple.product-type.application";
		};
/* End PBXNativeTarget section */

/* Begin PBXProject section */
		69028FA02C194C01005CBDE2 /* Project object */ = {
			isa = PBXProject;
			attributes = {
				BuildIndependentTargetsInParallel = 1;
				LastSwiftUpdateCheck = 1320;
				LastUpgradeCheck = 1320;
				TargetAttributes = {
					69028FA72C194C01005CBDE2 = {
						CreatedOnToolsVersion = 13.2.1;
					};
				};
			};
			buildConfigurationList = 69028FA32C194C01005CBDE2 /* Build configuration list for PBXProject "linkedin" */;
			compatibilityVersion = "Xcode 13.0";
			developmentRegion = en;
			hasScannedForEncodings = 0;
			knownRegions = (
				en,
				Base,
			);
			mainGroup = 69028F9F2C194C01005CBDE2;
			packageReferences = (
				690D16482C1D614600C1FC51 /* XCRemoteSwiftPackageReference "Alamofire" */,
			);
			productRefGroup = 69028FA92C194C01005CBDE2 /* Products */;
			projectDirPath = "";
			projectRoot = "";
			targets = (
				69028FA72C194C01005CBDE2 /* linkedin */,
			);
		};
/* End PBXProject section */

/* Begin PBXResourcesBuildPhase section */
		69028FA62C194C01005CBDE2 /* Resources */ = {
			isa = PBXResourcesBuildPhase;
			buildActionMask = 2147483647;
			files = (
				690D16472C1D3A2F00C1FC51 /* PostDetailCell.xib in Resources */,
				69028FB82C194C02005CBDE2 /* LaunchScreen.storyboard in Resources */,
				69028FB52C194C02005CBDE2 /* Assets.xcassets in Resources */,
				6931EB162C195E0E00AE1A74 /* PostFeedVC.xib in Resources */,
				69028FB32C194C01005CBDE2 /* Home.storyboard in Resources */,
				697B3AEA2C1C055B00D86CE7 /* CommentsCell.xib in Resources */,
				8D0933D72C2E7219006A9B66 /* GoogleService-Info.plist in Resources */,
			);
			runOnlyForDeploymentPostprocessing = 0;
		};
/* End PBXResourcesBuildPhase section */

/* Begin PBXShellScriptBuildPhase section */
		69B00755FA65C9A628ECD5F2 /* [CP] Check Pods Manifest.lock */ = {
			isa = PBXShellScriptBuildPhase;
			buildActionMask = 2147483647;
			files = (
			);
			inputFileListPaths = (
			);
			inputPaths = (
				"${PODS_PODFILE_DIR_PATH}/Podfile.lock",
				"${PODS_ROOT}/Manifest.lock",
			);
			name = "[CP] Check Pods Manifest.lock";
			outputFileListPaths = (
			);
			outputPaths = (
				"$(DERIVED_FILE_DIR)/Pods-linkedin-checkManifestLockResult.txt",
			);
			runOnlyForDeploymentPostprocessing = 0;
			shellPath = /bin/sh;
			shellScript = "diff \"${PODS_PODFILE_DIR_PATH}/Podfile.lock\" \"${PODS_ROOT}/Manifest.lock\" > /dev/null\nif [ $? != 0 ] ; then\n    # print error to STDERR\n    echo \"error: The sandbox is not in sync with the Podfile.lock. Run 'pod install' or update your CocoaPods installation.\" >&2\n    exit 1\nfi\n# This output is used by Xcode 'outputs' to avoid re-running this script phase.\necho \"SUCCESS\" > \"${SCRIPT_OUTPUT_FILE_0}\"\n";
			showEnvVarsInLog = 0;
		};
		ABB4A64F113484B59F9E7F00 /* [CP] Embed Pods Frameworks */ = {
			isa = PBXShellScriptBuildPhase;
			buildActionMask = 2147483647;
			files = (
			);
			inputFileListPaths = (
				"${PODS_ROOT}/Target Support Files/Pods-linkedin/Pods-linkedin-frameworks-${CONFIGURATION}-input-files.xcfilelist",
			);
			name = "[CP] Embed Pods Frameworks";
			outputFileListPaths = (
				"${PODS_ROOT}/Target Support Files/Pods-linkedin/Pods-linkedin-frameworks-${CONFIGURATION}-output-files.xcfilelist",
			);
			runOnlyForDeploymentPostprocessing = 0;
			shellPath = /bin/sh;
			shellScript = "\"${PODS_ROOT}/Target Support Files/Pods-linkedin/Pods-linkedin-frameworks.sh\"\n";
			showEnvVarsInLog = 0;
		};
/* End PBXShellScriptBuildPhase section */

/* Begin PBXSourcesBuildPhase section */
		69028FA42C194C01005CBDE2 /* Sources */ = {
			isa = PBXSourcesBuildPhase;
			buildActionMask = 2147483647;
			files = (
				69167FF12C25421A00023414 /* SignupVC.swift in Sources */,
				69167FEF2C25420700023414 /* LoginVC.swift in Sources */,
				69028FB02C194C01005CBDE2 /* ViewController.swift in Sources */,
				69068BC92C19933D00A1BE53 /* PostDetailsVC.swift in Sources */,
				690D164C2C1D634700C1FC51 /* AddPostVC.swift in Sources */,
				69028FAC2C194C01005CBDE2 /* AppDelegate.swift in Sources */,
				697B3AE92C1C055B00D86CE7 /* CommentsCell.swift in Sources */,
				690D16462C1D3A2F00C1FC51 /* PostDetailCell.swift in Sources */,
				6931EB152C195E0E00AE1A74 /* PostFeedVC.swift in Sources */,
				690EADDD2C1AE24400F41434 /* RoundImageView.swift in Sources */,
				69028FAE2C194C01005CBDE2 /* SceneDelegate.swift in Sources */,
				6931EB112C195D5E00AE1A74 /* HomeScreenVC.swift in Sources */,
			);
			runOnlyForDeploymentPostprocessing = 0;
		};
/* End PBXSourcesBuildPhase section */

/* Begin PBXVariantGroup section */
		69028FB12C194C01005CBDE2 /* Home.storyboard */ = {
			isa = PBXVariantGroup;
			children = (
				69028FB22C194C01005CBDE2 /* Base */,
			);
			name = Home.storyboard;
			sourceTree = "<group>";
		};
		69028FB62C194C02005CBDE2 /* LaunchScreen.storyboard */ = {
			isa = PBXVariantGroup;
			children = (
				69028FB72C194C02005CBDE2 /* Base */,
			);
			name = LaunchScreen.storyboard;
			sourceTree = "<group>";
		};
/* End PBXVariantGroup section */

/* Begin XCBuildConfiguration section */
		69028FBA2C194C02005CBDE2 /* Debug */ = {
			isa = XCBuildConfiguration;
			buildSettings = {
				ALWAYS_SEARCH_USER_PATHS = NO;
				CLANG_ANALYZER_NONNULL = YES;
				CLANG_ANALYZER_NUMBER_OBJECT_CONVERSION = YES_AGGRESSIVE;
				CLANG_CXX_LANGUAGE_STANDARD = "gnu++17";
				CLANG_CXX_LIBRARY = "libc++";
				CLANG_ENABLE_MODULES = YES;
				CLANG_ENABLE_OBJC_ARC = YES;
				CLANG_ENABLE_OBJC_WEAK = YES;
				CLANG_WARN_BLOCK_CAPTURE_AUTORELEASING = YES;
				CLANG_WARN_BOOL_CONVERSION = YES;
				CLANG_WARN_COMMA = YES;
				CLANG_WARN_CONSTANT_CONVERSION = YES;
				CLANG_WARN_DEPRECATED_OBJC_IMPLEMENTATIONS = YES;
				CLANG_WARN_DIRECT_OBJC_ISA_USAGE = YES_ERROR;
				CLANG_WARN_DOCUMENTATION_COMMENTS = YES;
				CLANG_WARN_EMPTY_BODY = YES;
				CLANG_WARN_ENUM_CONVERSION = YES;
				CLANG_WARN_INFINITE_RECURSION = YES;
				CLANG_WARN_INT_CONVERSION = YES;
				CLANG_WARN_NON_LITERAL_NULL_CONVERSION = YES;
				CLANG_WARN_OBJC_IMPLICIT_RETAIN_SELF = YES;
				CLANG_WARN_OBJC_LITERAL_CONVERSION = YES;
				CLANG_WARN_OBJC_ROOT_CLASS = YES_ERROR;
				CLANG_WARN_QUOTED_INCLUDE_IN_FRAMEWORK_HEADER = YES;
				CLANG_WARN_RANGE_LOOP_ANALYSIS = YES;
				CLANG_WARN_STRICT_PROTOTYPES = YES;
				CLANG_WARN_SUSPICIOUS_MOVE = YES;
				CLANG_WARN_UNGUARDED_AVAILABILITY = YES_AGGRESSIVE;
				CLANG_WARN_UNREACHABLE_CODE = YES;
				CLANG_WARN__DUPLICATE_METHOD_MATCH = YES;
				COPY_PHASE_STRIP = NO;
				DEBUG_INFORMATION_FORMAT = dwarf;
				ENABLE_STRICT_OBJC_MSGSEND = YES;
				ENABLE_TESTABILITY = YES;
				GCC_C_LANGUAGE_STANDARD = gnu11;
				GCC_DYNAMIC_NO_PIC = NO;
				GCC_NO_COMMON_BLOCKS = YES;
				GCC_OPTIMIZATION_LEVEL = 0;
				GCC_PREPROCESSOR_DEFINITIONS = (
					"DEBUG=1",
					"$(inherited)",
				);
				GCC_WARN_64_TO_32_BIT_CONVERSION = YES;
				GCC_WARN_ABOUT_RETURN_TYPE = YES_ERROR;
				GCC_WARN_UNDECLARED_SELECTOR = YES;
				GCC_WARN_UNINITIALIZED_AUTOS = YES_AGGRESSIVE;
				GCC_WARN_UNUSED_FUNCTION = YES;
				GCC_WARN_UNUSED_VARIABLE = YES;
				IPHONEOS_DEPLOYMENT_TARGET = 15.2;
				MTL_ENABLE_DEBUG_INFO = INCLUDE_SOURCE;
				MTL_FAST_MATH = YES;
				ONLY_ACTIVE_ARCH = YES;
				SDKROOT = iphoneos;
				SWIFT_ACTIVE_COMPILATION_CONDITIONS = DEBUG;
				SWIFT_OPTIMIZATION_LEVEL = "-Onone";
			};
			name = Debug;
		};
		69028FBB2C194C02005CBDE2 /* Release */ = {
			isa = XCBuildConfiguration;
			buildSettings = {
				ALWAYS_SEARCH_USER_PATHS = NO;
				CLANG_ANALYZER_NONNULL = YES;
				CLANG_ANALYZER_NUMBER_OBJECT_CONVERSION = YES_AGGRESSIVE;
				CLANG_CXX_LANGUAGE_STANDARD = "gnu++17";
				CLANG_CXX_LIBRARY = "libc++";
				CLANG_ENABLE_MODULES = YES;
				CLANG_ENABLE_OBJC_ARC = YES;
				CLANG_ENABLE_OBJC_WEAK = YES;
				CLANG_WARN_BLOCK_CAPTURE_AUTORELEASING = YES;
				CLANG_WARN_BOOL_CONVERSION = YES;
				CLANG_WARN_COMMA = YES;
				CLANG_WARN_CONSTANT_CONVERSION = YES;
				CLANG_WARN_DEPRECATED_OBJC_IMPLEMENTATIONS = YES;
				CLANG_WARN_DIRECT_OBJC_ISA_USAGE = YES_ERROR;
				CLANG_WARN_DOCUMENTATION_COMMENTS = YES;
				CLANG_WARN_EMPTY_BODY = YES;
				CLANG_WARN_ENUM_CONVERSION = YES;
				CLANG_WARN_INFINITE_RECURSION = YES;
				CLANG_WARN_INT_CONVERSION = YES;
				CLANG_WARN_NON_LITERAL_NULL_CONVERSION = YES;
				CLANG_WARN_OBJC_IMPLICIT_RETAIN_SELF = YES;
				CLANG_WARN_OBJC_LITERAL_CONVERSION = YES;
				CLANG_WARN_OBJC_ROOT_CLASS = YES_ERROR;
				CLANG_WARN_QUOTED_INCLUDE_IN_FRAMEWORK_HEADER = YES;
				CLANG_WARN_RANGE_LOOP_ANALYSIS = YES;
				CLANG_WARN_STRICT_PROTOTYPES = YES;
				CLANG_WARN_SUSPICIOUS_MOVE = YES;
				CLANG_WARN_UNGUARDED_AVAILABILITY = YES_AGGRESSIVE;
				CLANG_WARN_UNREACHABLE_CODE = YES;
				CLANG_WARN__DUPLICATE_METHOD_MATCH = YES;
				COPY_PHASE_STRIP = NO;
				DEBUG_INFORMATION_FORMAT = "dwarf-with-dsym";
				ENABLE_NS_ASSERTIONS = NO;
				ENABLE_STRICT_OBJC_MSGSEND = YES;
				GCC_C_LANGUAGE_STANDARD = gnu11;
				GCC_NO_COMMON_BLOCKS = YES;
				GCC_WARN_64_TO_32_BIT_CONVERSION = YES;
				GCC_WARN_ABOUT_RETURN_TYPE = YES_ERROR;
				GCC_WARN_UNDECLARED_SELECTOR = YES;
				GCC_WARN_UNINITIALIZED_AUTOS = YES_AGGRESSIVE;
				GCC_WARN_UNUSED_FUNCTION = YES;
				GCC_WARN_UNUSED_VARIABLE = YES;
				IPHONEOS_DEPLOYMENT_TARGET = 15.2;
				MTL_ENABLE_DEBUG_INFO = NO;
				MTL_FAST_MATH = YES;
				SDKROOT = iphoneos;
				SWIFT_COMPILATION_MODE = wholemodule;
				SWIFT_OPTIMIZATION_LEVEL = "-O";
				VALIDATE_PRODUCT = YES;
			};
			name = Release;
		};
		69028FBD2C194C02005CBDE2 /* Debug */ = {
			isa = XCBuildConfiguration;
			baseConfigurationReference = FEACA8F7066588EE8251E5D8 /* Pods-linkedin.debug.xcconfig */;
			buildSettings = {
				ASSETCATALOG_COMPILER_APPICON_NAME = AppIcon;
				ASSETCATALOG_COMPILER_GLOBAL_ACCENT_COLOR_NAME = AccentColor;
				CODE_SIGN_STYLE = Automatic;
				CURRENT_PROJECT_VERSION = 1;
				GENERATE_INFOPLIST_FILE = YES;
				INFOPLIST_FILE = linkedin/Info.plist;
				INFOPLIST_KEY_UIApplicationSupportsIndirectInputEvents = YES;
				INFOPLIST_KEY_UILaunchStoryboardName = LaunchScreen;
				INFOPLIST_KEY_UIMainStoryboardFile = Home;
				INFOPLIST_KEY_UISupportedInterfaceOrientations_iPad = "UIInterfaceOrientationPortrait UIInterfaceOrientationPortraitUpsideDown UIInterfaceOrientationLandscapeLeft UIInterfaceOrientationLandscapeRight";
				INFOPLIST_KEY_UISupportedInterfaceOrientations_iPhone = "UIInterfaceOrientationPortrait UIInterfaceOrientationLandscapeLeft UIInterfaceOrientationLandscapeRight";
				LD_RUNPATH_SEARCH_PATHS = (
					"$(inherited)",
					"@executable_path/Frameworks",
				);
				MARKETING_VERSION = 1.0;
				PRODUCT_BUNDLE_IDENTIFIER = com.linkedin.com.linkedin;
				PRODUCT_NAME = "$(TARGET_NAME)";
				SWIFT_EMIT_LOC_STRINGS = YES;
				SWIFT_VERSION = 5.0;
				TARGETED_DEVICE_FAMILY = "1,2";
			};
			name = Debug;
		};
		69028FBE2C194C02005CBDE2 /* Release */ = {
			isa = XCBuildConfiguration;
			baseConfigurationReference = CDA5ADB221858917066AF656 /* Pods-linkedin.release.xcconfig */;
			buildSettings = {
				ASSETCATALOG_COMPILER_APPICON_NAME = AppIcon;
				ASSETCATALOG_COMPILER_GLOBAL_ACCENT_COLOR_NAME = AccentColor;
				CODE_SIGN_STYLE = Automatic;
				CURRENT_PROJECT_VERSION = 1;
				GENERATE_INFOPLIST_FILE = YES;
				INFOPLIST_FILE = linkedin/Info.plist;
				INFOPLIST_KEY_UIApplicationSupportsIndirectInputEvents = YES;
				INFOPLIST_KEY_UILaunchStoryboardName = LaunchScreen;
				INFOPLIST_KEY_UIMainStoryboardFile = Home;
				INFOPLIST_KEY_UISupportedInterfaceOrientations_iPad = "UIInterfaceOrientationPortrait UIInterfaceOrientationPortraitUpsideDown UIInterfaceOrientationLandscapeLeft UIInterfaceOrientationLandscapeRight";
				INFOPLIST_KEY_UISupportedInterfaceOrientations_iPhone = "UIInterfaceOrientationPortrait UIInterfaceOrientationLandscapeLeft UIInterfaceOrientationLandscapeRight";
				LD_RUNPATH_SEARCH_PATHS = (
					"$(inherited)",
					"@executable_path/Frameworks",
				);
				MARKETING_VERSION = 1.0;
				PRODUCT_BUNDLE_IDENTIFIER = com.linkedin.com.linkedin;
				PRODUCT_NAME = "$(TARGET_NAME)";
				SWIFT_EMIT_LOC_STRINGS = YES;
				SWIFT_VERSION = 5.0;
				TARGETED_DEVICE_FAMILY = "1,2";
			};
			name = Release;
		};
/* End XCBuildConfiguration section */

/* Begin XCConfigurationList section */
		69028FA32C194C01005CBDE2 /* Build configuration list for PBXProject "linkedin" */ = {
			isa = XCConfigurationList;
			buildConfigurations = (
				69028FBA2C194C02005CBDE2 /* Debug */,
				69028FBB2C194C02005CBDE2 /* Release */,
			);
			defaultConfigurationIsVisible = 0;
			defaultConfigurationName = Release;
		};
		69028FBC2C194C02005CBDE2 /* Build configuration list for PBXNativeTarget "linkedin" */ = {
			isa = XCConfigurationList;
			buildConfigurations = (
				69028FBD2C194C02005CBDE2 /* Debug */,
				69028FBE2C194C02005CBDE2 /* Release */,
			);
			defaultConfigurationIsVisible = 0;
			defaultConfigurationName = Release;
		};
/* End XCConfigurationList section */

/* Begin XCRemoteSwiftPackageReference section */
		690D16482C1D614600C1FC51 /* XCRemoteSwiftPackageReference "Alamofire" */ = {
			isa = XCRemoteSwiftPackageReference;
			repositoryURL = "https://github.com/Alamofire/Alamofire.git";
			requirement = {
				kind = upToNextMajorVersion;
				minimumVersion = 5.0.0;
			};
		};
/* End XCRemoteSwiftPackageReference section */

/* Begin XCSwiftPackageProductDependency section */
		690D16492C1D614600C1FC51 /* Alamofire */ = {
			isa = XCSwiftPackageProductDependency;
			package = 690D16482C1D614600C1FC51 /* XCRemoteSwiftPackageReference "Alamofire" */;
			productName = Alamofire;
		};
/* End XCSwiftPackageProductDependency section */
	};
	rootObject = 69028FA02C194C01005CBDE2 /* Project object */;
}
