// !$*UTF8*$!
{
	archiveVersion = 1;
	classes = {
	};
	objectVersion = 56;
	objects = {

/* Begin PBXBuildFile section */
		290650BA2C1995D900D0A4A2 /* SignupVC.swift in Sources */ = {isa = PBXBuildFile; fileRef = 290650B92C1995D900D0A4A2 /* SignupVC.swift */; };
		2914F1282C194C3100F7986E /* AppDelegate.swift in Sources */ = {isa = PBXBuildFile; fileRef = 2914F1272C194C3100F7986E /* AppDelegate.swift */; };
		2914F12A2C194C3100F7986E /* SceneDelegate.swift in Sources */ = {isa = PBXBuildFile; fileRef = 2914F1292C194C3100F7986E /* SceneDelegate.swift */; };
		2914F12C2C194C3100F7986E /* ViewController.swift in Sources */ = {isa = PBXBuildFile; fileRef = 2914F12B2C194C3100F7986E /* ViewController.swift */; };
		2914F12F2C194C3100F7986E /* Main.storyboard in Resources */ = {isa = PBXBuildFile; fileRef = 2914F12D2C194C3100F7986E /* Main.storyboard */; };
		2914F1312C194C3300F7986E /* Assets.xcassets in Resources */ = {isa = PBXBuildFile; fileRef = 2914F1302C194C3300F7986E /* Assets.xcassets */; };
		2914F1342C194C3300F7986E /* LaunchScreen.storyboard in Resources */ = {isa = PBXBuildFile; fileRef = 2914F1322C194C3300F7986E /* LaunchScreen.storyboard */; };
		29B951F72C195D4B002F3D8E /* LoginVCViewController.swift in Sources */ = {isa = PBXBuildFile; fileRef = 29B951F62C195D4B002F3D8E /* LoginVCViewController.swift */; };
/* End PBXBuildFile section */

/* Begin PBXFileReference section */
		290650B92C1995D900D0A4A2 /* SignupVC.swift */ = {isa = PBXFileReference; lastKnownFileType = sourcecode.swift; path = SignupVC.swift; sourceTree = "<group>"; };
		2914F1242C194C3100F7986E /* linkedin.app */ = {isa = PBXFileReference; explicitFileType = wrapper.application; includeInIndex = 0; path = linkedin.app; sourceTree = BUILT_PRODUCTS_DIR; };
		2914F1272C194C3100F7986E /* AppDelegate.swift */ = {isa = PBXFileReference; lastKnownFileType = sourcecode.swift; path = AppDelegate.swift; sourceTree = "<group>"; };
		2914F1292C194C3100F7986E /* SceneDelegate.swift */ = {isa = PBXFileReference; lastKnownFileType = sourcecode.swift; path = SceneDelegate.swift; sourceTree = "<group>"; };
		2914F12B2C194C3100F7986E /* ViewController.swift */ = {isa = PBXFileReference; lastKnownFileType = sourcecode.swift; path = ViewController.swift; sourceTree = "<group>"; };
		2914F12E2C194C3100F7986E /* Base */ = {isa = PBXFileReference; lastKnownFileType = file.storyboard; name = Base; path = Base.lproj/Main.storyboard; sourceTree = "<group>"; };
		2914F1302C194C3300F7986E /* Assets.xcassets */ = {isa = PBXFileReference; lastKnownFileType = folder.assetcatalog; path = Assets.xcassets; sourceTree = "<group>"; };
		2914F1332C194C3300F7986E /* Base */ = {isa = PBXFileReference; lastKnownFileType = file.storyboard; name = Base; path = Base.lproj/LaunchScreen.storyboard; sourceTree = "<group>"; };
		2914F1352C194C3300F7986E /* Info.plist */ = {isa = PBXFileReference; lastKnownFileType = text.plist.xml; path = Info.plist; sourceTree = "<group>"; };
		29B951F62C195D4B002F3D8E /* LoginVCViewController.swift */ = {isa = PBXFileReference; lastKnownFileType = sourcecode.swift; path = LoginVCViewController.swift; sourceTree = "<group>"; };
/* End PBXFileReference section */

/* Begin PBXFrameworksBuildPhase section */
		2914F1212C194C3100F7986E /* Frameworks */ = {
			isa = PBXFrameworksBuildPhase;
			buildActionMask = 2147483647;
			files = (
			);
			runOnlyForDeploymentPostprocessing = 0;
		};
/* End PBXFrameworksBuildPhase section */

/* Begin PBXGroup section */
		2914F11B2C194C3100F7986E = {
			isa = PBXGroup;
			children = (
				2914F1262C194C3100F7986E /* linkedin */,
				2914F1252C194C3100F7986E /* Products */,
			);
			sourceTree = "<group>";
		};
		2914F1252C194C3100F7986E /* Products */ = {
			isa = PBXGroup;
			children = (
				2914F1242C194C3100F7986E /* linkedin.app */,
			);
			name = Products;
			sourceTree = "<group>";
		};
		2914F1262C194C3100F7986E /* linkedin */ = {
			isa = PBXGroup;
			children = (
				29B951F42C195D15002F3D8E /* Screens */,
				2914F1272C194C3100F7986E /* AppDelegate.swift */,
				2914F1292C194C3100F7986E /* SceneDelegate.swift */,
				2914F12B2C194C3100F7986E /* ViewController.swift */,
				2914F12D2C194C3100F7986E /* Main.storyboard */,
				2914F1302C194C3300F7986E /* Assets.xcassets */,
				2914F1322C194C3300F7986E /* LaunchScreen.storyboard */,
				2914F1352C194C3300F7986E /* Info.plist */,
			);
			path = linkedin;
			sourceTree = "<group>";
		};
		29B951F42C195D15002F3D8E /* Screens */ = {
			isa = PBXGroup;
			children = (
				29B951F52C195D22002F3D8E /* Auth */,
			);
			path = Screens;
			sourceTree = "<group>";
		};
		29B951F52C195D22002F3D8E /* Auth */ = {
			isa = PBXGroup;
			children = (
				29B951F62C195D4B002F3D8E /* LoginVCViewController.swift */,
				290650B92C1995D900D0A4A2 /* SignupVC.swift */,
			);
			path = Auth;
			sourceTree = "<group>";
		};
/* End PBXGroup section */

/* Begin PBXNativeTarget section */
		2914F1232C194C3100F7986E /* linkedin */ = {
			isa = PBXNativeTarget;
			buildConfigurationList = 2914F1382C194C3300F7986E /* Build configuration list for PBXNativeTarget "linkedin" */;
			buildPhases = (
				2914F1202C194C3100F7986E /* Sources */,
				2914F1212C194C3100F7986E /* Frameworks */,
				2914F1222C194C3100F7986E /* Resources */,
			);
			buildRules = (
			);
			dependencies = (
			);
			name = linkedin;
			productName = linkedin;
			productReference = 2914F1242C194C3100F7986E /* linkedin.app */;
			productType = "com.apple.product-type.application";
		};
/* End PBXNativeTarget section */

/* Begin PBXProject section */
		2914F11C2C194C3100F7986E /* Project object */ = {
			isa = PBXProject;
			attributes = {
				BuildIndependentTargetsInParallel = 1;
				LastSwiftUpdateCheck = 1430;
				LastUpgradeCheck = 1430;
				TargetAttributes = {
					2914F1232C194C3100F7986E = {
						CreatedOnToolsVersion = 14.3.1;
					};
				};
			};
			buildConfigurationList = 2914F11F2C194C3100F7986E /* Build configuration list for PBXProject "linkedin" */;
			compatibilityVersion = "Xcode 14.0";
			developmentRegion = en;
			hasScannedForEncodings = 0;
			knownRegions = (
				en,
				Base,
			);
			mainGroup = 2914F11B2C194C3100F7986E;
			productRefGroup = 2914F1252C194C3100F7986E /* Products */;
			projectDirPath = "";
			projectRoot = "";
			targets = (
				2914F1232C194C3100F7986E /* linkedin */,
			);
		};
/* End PBXProject section */

/* Begin PBXResourcesBuildPhase section */
		2914F1222C194C3100F7986E /* Resources */ = {
			isa = PBXResourcesBuildPhase;
			buildActionMask = 2147483647;
			files = (
				2914F1342C194C3300F7986E /* LaunchScreen.storyboard in Resources */,
				2914F1312C194C3300F7986E /* Assets.xcassets in Resources */,
				2914F12F2C194C3100F7986E /* Main.storyboard in Resources */,
			);
			runOnlyForDeploymentPostprocessing = 0;
		};
/* End PBXResourcesBuildPhase section */

/* Begin PBXSourcesBuildPhase section */
		2914F1202C194C3100F7986E /* Sources */ = {
			isa = PBXSourcesBuildPhase;
			buildActionMask = 2147483647;
			files = (
				2914F12C2C194C3100F7986E /* ViewController.swift in Sources */,
				290650BA2C1995D900D0A4A2 /* SignupVC.swift in Sources */,
				2914F1282C194C3100F7986E /* AppDelegate.swift in Sources */,
				2914F12A2C194C3100F7986E /* SceneDelegate.swift in Sources */,
				29B951F72C195D4B002F3D8E /* LoginVCViewController.swift in Sources */,
			);
			runOnlyForDeploymentPostprocessing = 0;
		};
/* End PBXSourcesBuildPhase section */

/* Begin PBXVariantGroup section */
		2914F12D2C194C3100F7986E /* Main.storyboard */ = {
			isa = PBXVariantGroup;
			children = (
				2914F12E2C194C3100F7986E /* Base */,
			);
			name = Main.storyboard;
			sourceTree = "<group>";
		};
		2914F1322C194C3300F7986E /* LaunchScreen.storyboard */ = {
			isa = PBXVariantGroup;
			children = (
				2914F1332C194C3300F7986E /* Base */,
			);
			name = LaunchScreen.storyboard;
			sourceTree = "<group>";
		};
/* End PBXVariantGroup section */

/* Begin XCBuildConfiguration section */
		2914F1362C194C3300F7986E /* Debug */ = {
			isa = XCBuildConfiguration;
			buildSettings = {
				ALWAYS_SEARCH_USER_PATHS = NO;
				CLANG_ANALYZER_NONNULL = YES;
				CLANG_ANALYZER_NUMBER_OBJECT_CONVERSION = YES_AGGRESSIVE;
				CLANG_CXX_LANGUAGE_STANDARD = "gnu++20";
				CLANG_ENABLE_MODULES = YES;
				CLANG_ENABLE_OBJC_ARC = YES;
				CLANG_ENABLE_OBJC_WEAK = YES;
				CLANG_WARN_BLOCK_CAPTURE_AUTORELEASING = YES;
				CLANG_WARN_BOOL_CONVERSION = YES;
				CLANG_WARN_COMMA = YES;
				CLANG_WARN_CONSTANT_CONVERSION = YES;
				CLANG_WARN_DEPRECATED_OBJC_IMPLEMENTATIONS = YES;
				CLANG_WARN_DIRECT_OBJC_ISA_USAGE = YES_ERROR;
				CLANG_WARN_DOCUMENTATION_COMMENTS = YES;
				CLANG_WARN_EMPTY_BODY = YES;
				CLANG_WARN_ENUM_CONVERSION = YES;
				CLANG_WARN_INFINITE_RECURSION = YES;
				CLANG_WARN_INT_CONVERSION = YES;
				CLANG_WARN_NON_LITERAL_NULL_CONVERSION = YES;
				CLANG_WARN_OBJC_IMPLICIT_RETAIN_SELF = YES;
				CLANG_WARN_OBJC_LITERAL_CONVERSION = YES;
				CLANG_WARN_OBJC_ROOT_CLASS = YES_ERROR;
				CLANG_WARN_QUOTED_INCLUDE_IN_FRAMEWORK_HEADER = YES;
				CLANG_WARN_RANGE_LOOP_ANALYSIS = YES;
				CLANG_WARN_STRICT_PROTOTYPES = YES;
				CLANG_WARN_SUSPICIOUS_MOVE = YES;
				CLANG_WARN_UNGUARDED_AVAILABILITY = YES_AGGRESSIVE;
				CLANG_WARN_UNREACHABLE_CODE = YES;
				CLANG_WARN__DUPLICATE_METHOD_MATCH = YES;
				COPY_PHASE_STRIP = NO;
				DEBUG_INFORMATION_FORMAT = dwarf;
				ENABLE_STRICT_OBJC_MSGSEND = YES;
				ENABLE_TESTABILITY = YES;
				GCC_C_LANGUAGE_STANDARD = gnu11;
				GCC_DYNAMIC_NO_PIC = NO;
				GCC_NO_COMMON_BLOCKS = YES;
				GCC_OPTIMIZATION_LEVEL = 0;
				GCC_PREPROCESSOR_DEFINITIONS = (
					"DEBUG=1",
					"$(inherited)",
				);
				GCC_WARN_64_TO_32_BIT_CONVERSION = YES;
				GCC_WARN_ABOUT_RETURN_TYPE = YES_ERROR;
				GCC_WARN_UNDECLARED_SELECTOR = YES;
				GCC_WARN_UNINITIALIZED_AUTOS = YES_AGGRESSIVE;
				GCC_WARN_UNUSED_FUNCTION = YES;
				GCC_WARN_UNUSED_VARIABLE = YES;
				IPHONEOS_DEPLOYMENT_TARGET = 16.4;
				MTL_ENABLE_DEBUG_INFO = INCLUDE_SOURCE;
				MTL_FAST_MATH = YES;
				ONLY_ACTIVE_ARCH = YES;
				SDKROOT = iphoneos;
				SWIFT_ACTIVE_COMPILATION_CONDITIONS = DEBUG;
				SWIFT_OPTIMIZATION_LEVEL = "-Onone";
			};
			name = Debug;
		};
		2914F1372C194C3300F7986E /* Release */ = {
			isa = XCBuildConfiguration;
			buildSettings = {
				ALWAYS_SEARCH_USER_PATHS = NO;
				CLANG_ANALYZER_NONNULL = YES;
				CLANG_ANALYZER_NUMBER_OBJECT_CONVERSION = YES_AGGRESSIVE;
				CLANG_CXX_LANGUAGE_STANDARD = "gnu++20";
				CLANG_ENABLE_MODULES = YES;
				CLANG_ENABLE_OBJC_ARC = YES;
				CLANG_ENABLE_OBJC_WEAK = YES;
				CLANG_WARN_BLOCK_CAPTURE_AUTORELEASING = YES;
				CLANG_WARN_BOOL_CONVERSION = YES;
				CLANG_WARN_COMMA = YES;
				CLANG_WARN_CONSTANT_CONVERSION = YES;
				CLANG_WARN_DEPRECATED_OBJC_IMPLEMENTATIONS = YES;
				CLANG_WARN_DIRECT_OBJC_ISA_USAGE = YES_ERROR;
				CLANG_WARN_DOCUMENTATION_COMMENTS = YES;
				CLANG_WARN_EMPTY_BODY = YES;
				CLANG_WARN_ENUM_CONVERSION = YES;
				CLANG_WARN_INFINITE_RECURSION = YES;
				CLANG_WARN_INT_CONVERSION = YES;
				CLANG_WARN_NON_LITERAL_NULL_CONVERSION = YES;
				CLANG_WARN_OBJC_IMPLICIT_RETAIN_SELF = YES;
				CLANG_WARN_OBJC_LITERAL_CONVERSION = YES;
				CLANG_WARN_OBJC_ROOT_CLASS = YES_ERROR;
				CLANG_WARN_QUOTED_INCLUDE_IN_FRAMEWORK_HEADER = YES;
				CLANG_WARN_RANGE_LOOP_ANALYSIS = YES;
				CLANG_WARN_STRICT_PROTOTYPES = YES;
				CLANG_WARN_SUSPICIOUS_MOVE = YES;
				CLANG_WARN_UNGUARDED_AVAILABILITY = YES_AGGRESSIVE;
				CLANG_WARN_UNREACHABLE_CODE = YES;
				CLANG_WARN__DUPLICATE_METHOD_MATCH = YES;
				COPY_PHASE_STRIP = NO;
				DEBUG_INFORMATION_FORMAT = "dwarf-with-dsym";
				ENABLE_NS_ASSERTIONS = NO;
				ENABLE_STRICT_OBJC_MSGSEND = YES;
				GCC_C_LANGUAGE_STANDARD = gnu11;
				GCC_NO_COMMON_BLOCKS = YES;
				GCC_WARN_64_TO_32_BIT_CONVERSION = YES;
				GCC_WARN_ABOUT_RETURN_TYPE = YES_ERROR;
				GCC_WARN_UNDECLARED_SELECTOR = YES;
				GCC_WARN_UNINITIALIZED_AUTOS = YES_AGGRESSIVE;
				GCC_WARN_UNUSED_FUNCTION = YES;
				GCC_WARN_UNUSED_VARIABLE = YES;
				IPHONEOS_DEPLOYMENT_TARGET = 16.4;
				MTL_ENABLE_DEBUG_INFO = NO;
				MTL_FAST_MATH = YES;
				SDKROOT = iphoneos;
				SWIFT_COMPILATION_MODE = wholemodule;
				SWIFT_OPTIMIZATION_LEVEL = "-O";
				VALIDATE_PRODUCT = YES;
			};
			name = Release;
		};
		2914F1392C194C3300F7986E /* Debug */ = {
			isa = XCBuildConfiguration;
			buildSettings = {
				ASSETCATALOG_COMPILER_APPICON_NAME = AppIcon;
				ASSETCATALOG_COMPILER_GLOBAL_ACCENT_COLOR_NAME = AccentColor;
				CODE_SIGN_STYLE = Automatic;
				CURRENT_PROJECT_VERSION = 1;
				GENERATE_INFOPLIST_FILE = YES;
				INFOPLIST_FILE = linkedin/Info.plist;
				INFOPLIST_KEY_UIApplicationSupportsIndirectInputEvents = YES;
				INFOPLIST_KEY_UILaunchStoryboardName = LaunchScreen;
				INFOPLIST_KEY_UIMainStoryboardFile = Main;
				INFOPLIST_KEY_UISupportedInterfaceOrientations_iPad = "UIInterfaceOrientationPortrait UIInterfaceOrientationPortraitUpsideDown UIInterfaceOrientationLandscapeLeft UIInterfaceOrientationLandscapeRight";
				INFOPLIST_KEY_UISupportedInterfaceOrientations_iPhone = "UIInterfaceOrientationPortrait UIInterfaceOrientationLandscapeLeft UIInterfaceOrientationLandscapeRight";
				LD_RUNPATH_SEARCH_PATHS = (
					"$(inherited)",
					"@executable_path/Frameworks",
				);
				MARKETING_VERSION = 1.0;
				PRODUCT_BUNDLE_IDENTIFIER = com.linkedin.com.linkedin;
				PRODUCT_NAME = "$(TARGET_NAME)";
				SWIFT_EMIT_LOC_STRINGS = YES;
				SWIFT_VERSION = 5.0;
				TARGETED_DEVICE_FAMILY = "1,2";
			};
			name = Debug;
		};
		2914F13A2C194C3300F7986E /* Release */ = {
			isa = XCBuildConfiguration;
			buildSettings = {
				ASSETCATALOG_COMPILER_APPICON_NAME = AppIcon;
				ASSETCATALOG_COMPILER_GLOBAL_ACCENT_COLOR_NAME = AccentColor;
				CODE_SIGN_STYLE = Automatic;
				CURRENT_PROJECT_VERSION = 1;
				GENERATE_INFOPLIST_FILE = YES;
				INFOPLIST_FILE = linkedin/Info.plist;
				INFOPLIST_KEY_UIApplicationSupportsIndirectInputEvents = YES;
				INFOPLIST_KEY_UILaunchStoryboardName = LaunchScreen;
				INFOPLIST_KEY_UIMainStoryboardFile = Main;
				INFOPLIST_KEY_UISupportedInterfaceOrientations_iPad = "UIInterfaceOrientationPortrait UIInterfaceOrientationPortraitUpsideDown UIInterfaceOrientationLandscapeLeft UIInterfaceOrientationLandscapeRight";
				INFOPLIST_KEY_UISupportedInterfaceOrientations_iPhone = "UIInterfaceOrientationPortrait UIInterfaceOrientationLandscapeLeft UIInterfaceOrientationLandscapeRight";
				LD_RUNPATH_SEARCH_PATHS = (
					"$(inherited)",
					"@executable_path/Frameworks",
				);
				MARKETING_VERSION = 1.0;
				PRODUCT_BUNDLE_IDENTIFIER = com.linkedin.com.linkedin;
				PRODUCT_NAME = "$(TARGET_NAME)";
				SWIFT_EMIT_LOC_STRINGS = YES;
				SWIFT_VERSION = 5.0;
				TARGETED_DEVICE_FAMILY = "1,2";
			};
			name = Release;
		};
/* End XCBuildConfiguration section */

/* Begin XCConfigurationList section */
		2914F11F2C194C3100F7986E /* Build configuration list for PBXProject "linkedin" */ = {
			isa = XCConfigurationList;
			buildConfigurations = (
				2914F1362C194C3300F7986E /* Debug */,
				2914F1372C194C3300F7986E /* Release */,
			);
			defaultConfigurationIsVisible = 0;
			defaultConfigurationName = Release;
		};
		2914F1382C194C3300F7986E /* Build configuration list for PBXNativeTarget "linkedin" */ = {
			isa = XCConfigurationList;
			buildConfigurations = (
				2914F1392C194C3300F7986E /* Debug */,
				2914F13A2C194C3300F7986E /* Release */,
			);
			defaultConfigurationIsVisible = 0;
			defaultConfigurationName = Release;
		};
/* End XCConfigurationList section */
	};
	rootObject = 2914F11C2C194C3100F7986E /* Project object */;
}
